
Microsoft Visual Studio Solution File, Format Version 12.00
# Visual Studio Version 17
VisualStudioVersion = 17.5.33424.131
MinimumVisualStudioVersion = 10.0.40219.1
Project("{FAE04EC0-301F-11D3-BF4B-00C04F79EFBC}") = "WiredBrainCoffee.CustomerApp", "WiredBrainCoffee.CustomerApp.csproj", "{AE086972-8215-4AB4-9E9C-3275E51422E9}"
EndProject
Global
	GlobalSection(SolutionConfigurationPlatforms) = preSolution
		Debug|Any CPU = Debug|Any CPU
		Release|Any CPU = Release|Any CPU
	EndGlobalSection
	GlobalSection(ProjectConfigurationPlatforms) = postSolution
		{AE086972-8215-4AB4-9E9C-3275E51422E9}.Debug|Any CPU.ActiveCfg = Debug|Any CPU
		{AE086972-8215-4AB4-9E9C-3275E51422E9}.Debug|Any CPU.Build.0 = Debug|Any CPU
		{AE086972-8215-4AB4-9E9C-3275E51422E9}.Release|Any CPU.ActiveCfg = Release|Any CPU
		{AE086972-8215-4AB4-9E9C-3275E51422E9}.Release|Any CPU.Build.0 = Release|Any CPU
	EndGlobalSection
	GlobalSection(SolutionProperties) = preSolution
		HideSolutionNode = FALSE
	EndGlobalSection
	GlobalSection(ExtensibilityGlobals) = postSolution
		SolutionGuid = {CB6C0FC0-7ACD-4645-90BA-CF8B160C2558}
	EndGlobalSection
EndGlobal
